
Microsoft Visual Studio Solution File, Format Version 12.00
# Visual Studio Version 16
VisualStudioVersion = 16.0.29009.5
MinimumVisualStudioVersion = 10.0.40219.1
Project("{9A19103F-16F7-4668-BE54-9A1E7A4F7556}") = "okLims", "okLims\okLims.csproj", "{600C668C-9FA5-4C81-A543-C86FF27B072E}"
EndProject
Global
	GlobalSection(SolutionConfigurationPlatforms) = preSolution
		Debug|Any CPU = Debug|Any CPU
		Release|Any CPU = Release|Any CPU
	EndGlobalSection
	GlobalSection(ProjectConfigurationPlatforms) = postSolution
		{600C668C-9FA5-4C81-A543-C86FF27B072E}.Debug|Any CPU.ActiveCfg = Debug|Any CPU
		{600C668C-9FA5-4C81-A543-C86FF27B072E}.Debug|Any CPU.Build.0 = Debug|Any CPU
		{600C668C-9FA5-4C81-A543-C86FF27B072E}.Release|Any CPU.ActiveCfg = Release|Any CPU
		{600C668C-9FA5-4C81-A543-C86FF27B072E}.Release|Any CPU.Build.0 = Release|Any CPU
	EndGlobalSection
	GlobalSection(SolutionProperties) = preSolution
		HideSolutionNode = FALSE
	EndGlobalSection
	GlobalSection(ExtensibilityGlobals) = postSolution
		SolutionGuid = {1B43A6FC-9EDC-4008-B019-73BD9035544C}
	EndGlobalSection
EndGlobal
